// !$*UTF8*$!
{
	archiveVersion = 1;
	classes = {
	};
	objectVersion = 46;
	objects = {

/* Begin PBXBuildFile section */
		2C2281815EE9FD61883C3E22 /* NSString+URLEncode.m in Sources */ = {isa = PBXBuildFile; fileRef = 2C2285791E8F2F676A37D07A /* NSString+URLEncode.m */; };
		2C228C471F4D317CECB63205 /* FPFilterPage1Controller.m in Sources */ = {isa = PBXBuildFile; fileRef = 2C2286206E38C446FB4D8616 /* FPFilterPage1Controller.m */; };
		2C228FC6F396E5C192FA3FA5 /* BaseFilterController.m in Sources */ = {isa = PBXBuildFile; fileRef = 2C228656FEC7B891AA9F5958 /* BaseFilterController.m */; };
		F69CF7D7174506F9005AC999 /* FPDataProvider.m in Sources */ = {isa = PBXBuildFile; fileRef = F69CF7D6174506F9005AC999 /* FPDataProvider.m */; };
		F69CF7DB17450925005AC999 /* FPPlayer.m in Sources */ = {isa = PBXBuildFile; fileRef = F69CF7DA17450925005AC999 /* FPPlayer.m */; };
		F69CF7E217453E33005AC999 /* FPPlayerBase.m in Sources */ = {isa = PBXBuildFile; fileRef = F69CF7E117453E33005AC999 /* FPPlayerBase.m */; };
		F69CF7F8174645BD005AC999 /* AFHTTPClient.m in Sources */ = {isa = PBXBuildFile; fileRef = F69CF7E6174645BD005AC999 /* AFHTTPClient.m */; };
		F69CF7F9174645BD005AC999 /* AFHTTPRequestOperation.m in Sources */ = {isa = PBXBuildFile; fileRef = F69CF7E8174645BD005AC999 /* AFHTTPRequestOperation.m */; };
		F69CF7FA174645BD005AC999 /* AFImageRequestOperation.m in Sources */ = {isa = PBXBuildFile; fileRef = F69CF7EA174645BD005AC999 /* AFImageRequestOperation.m */; };
		F69CF7FB174645BD005AC999 /* AFJSONRequestOperation.m in Sources */ = {isa = PBXBuildFile; fileRef = F69CF7EC174645BD005AC999 /* AFJSONRequestOperation.m */; };
		F69CF7FC174645BD005AC999 /* AFNetworkActivityIndicatorManager.m in Sources */ = {isa = PBXBuildFile; fileRef = F69CF7EE174645BD005AC999 /* AFNetworkActivityIndicatorManager.m */; };
		F69CF7FD174645BD005AC999 /* AFPropertyListRequestOperation.m in Sources */ = {isa = PBXBuildFile; fileRef = F69CF7F1174645BD005AC999 /* AFPropertyListRequestOperation.m */; };
		F69CF7FE174645BD005AC999 /* AFURLConnectionOperation.m in Sources */ = {isa = PBXBuildFile; fileRef = F69CF7F3174645BD005AC999 /* AFURLConnectionOperation.m */; };
		F69CF7FF174645BD005AC999 /* AFXMLRequestOperation.m in Sources */ = {isa = PBXBuildFile; fileRef = F69CF7F5174645BD005AC999 /* AFXMLRequestOperation.m */; };
		F69CF800174645BD005AC999 /* UIImageView+AFNetworking.m in Sources */ = {isa = PBXBuildFile; fileRef = F69CF7F7174645BD005AC999 /* UIImageView+AFNetworking.m */; };
		F6B7DC6A173D82EA00BF5C65 /* UIKit.framework in Frameworks */ = {isa = PBXBuildFile; fileRef = F6B7DC69173D82EA00BF5C65 /* UIKit.framework */; };
		F6B7DC6C173D82EA00BF5C65 /* Foundation.framework in Frameworks */ = {isa = PBXBuildFile; fileRef = F6B7DC6B173D82EA00BF5C65 /* Foundation.framework */; };
		F6B7DC6E173D82EA00BF5C65 /* CoreGraphics.framework in Frameworks */ = {isa = PBXBuildFile; fileRef = F6B7DC6D173D82EA00BF5C65 /* CoreGraphics.framework */; };
		F6B7DC74173D82EA00BF5C65 /* InfoPlist.strings in Resources */ = {isa = PBXBuildFile; fileRef = F6B7DC72173D82EA00BF5C65 /* InfoPlist.strings */; };
		F6B7DC76173D82EB00BF5C65 /* main.m in Sources */ = {isa = PBXBuildFile; fileRef = F6B7DC75173D82EA00BF5C65 /* main.m */; };
		F6B7DC7A173D82EB00BF5C65 /* FPAppDelegate.m in Sources */ = {isa = PBXBuildFile; fileRef = F6B7DC79173D82EB00BF5C65 /* FPAppDelegate.m */; };
		F6B7DC7C173D82EB00BF5C65 /* Default.png in Resources */ = {isa = PBXBuildFile; fileRef = F6B7DC7B173D82EB00BF5C65 /* Default.png */; };
		F6B7DC7E173D82EB00BF5C65 /* Default@2x.png in Resources */ = {isa = PBXBuildFile; fileRef = F6B7DC7D173D82EB00BF5C65 /* Default@2x.png */; };
		F6B7DC80173D82EB00BF5C65 /* Default-568h@2x.png in Resources */ = {isa = PBXBuildFile; fileRef = F6B7DC7F173D82EB00BF5C65 /* Default-568h@2x.png */; };
		F6B7DC83173D82EB00BF5C65 /* MainStoryboard_iPhone.storyboard in Resources */ = {isa = PBXBuildFile; fileRef = F6B7DC81173D82EB00BF5C65 /* MainStoryboard_iPhone.storyboard */; };
		F6B7DC86173D82EB00BF5C65 /* MainStoryboard_iPad.storyboard in Resources */ = {isa = PBXBuildFile; fileRef = F6B7DC84173D82EB00BF5C65 /* MainStoryboard_iPad.storyboard */; };
		F6B7DC89173D82EB00BF5C65 /* FPSearchViewController.m in Sources */ = {isa = PBXBuildFile; fileRef = F6B7DC88173D82EB00BF5C65 /* FPSearchViewController.m */; };
		F6B7DC90173D82EB00BF5C65 /* FPFilterViewController.m in Sources */ = {isa = PBXBuildFile; fileRef = F6B7DC8F173D82EB00BF5C65 /* FPFilterViewController.m */; };
		F6B7DC9C173D8B7D00BF5C65 /* FPFavoritesViewController.m in Sources */ = {isa = PBXBuildFile; fileRef = F6B7DC9B173D8B7D00BF5C65 /* FPFavoritesViewController.m */; };
		F6B7DC9F173D8C6800BF5C65 /* FPSettingsViewController.m in Sources */ = {isa = PBXBuildFile; fileRef = F6B7DC9E173D8C6800BF5C65 /* FPSettingsViewController.m */; };
		F6B7DCA2173D91FE00BF5C65 /* Search.png in Resources */ = {isa = PBXBuildFile; fileRef = F6B7DCA0173D91FD00BF5C65 /* Search.png */; };
		F6B7DCA3173D91FE00BF5C65 /* Search@2x.png in Resources */ = {isa = PBXBuildFile; fileRef = F6B7DCA1173D91FD00BF5C65 /* Search@2x.png */; };
		F6B7DCA6173D94A700BF5C65 /* Filter.png in Resources */ = {isa = PBXBuildFile; fileRef = F6B7DCA4173D94A600BF5C65 /* Filter.png */; };
		F6B7DCA7173D94A700BF5C65 /* Filter2x.png in Resources */ = {isa = PBXBuildFile; fileRef = F6B7DCA5173D94A600BF5C65 /* Filter2x.png */; };
		F6B7DCAC173D95D300BF5C65 /* Favorite.png in Resources */ = {isa = PBXBuildFile; fileRef = F6B7DCA8173D95D200BF5C65 /* Favorite.png */; };
		F6B7DCAD173D95D300BF5C65 /* Favorite2x.png in Resources */ = {isa = PBXBuildFile; fileRef = F6B7DCA9173D95D200BF5C65 /* Favorite2x.png */; };
		F6B7DCAE173D95D300BF5C65 /* Settings.png in Resources */ = {isa = PBXBuildFile; fileRef = F6B7DCAA173D95D200BF5C65 /* Settings.png */; };
		F6B7DCAF173D95D300BF5C65 /* Settings2x.png in Resources */ = {isa = PBXBuildFile; fileRef = F6B7DCAB173D95D200BF5C65 /* Settings2x.png */; };
		F6B7DCB2173D9C2500BF5C65 /* FPPlayerViewController.m in Sources */ = {isa = PBXBuildFile; fileRef = F6B7DCB1173D9C2400BF5C65 /* FPPlayerViewController.m */; };
/* End PBXBuildFile section */

/* Begin PBXFileReference section */
		2C2283681F64ABC53C221D71 /* NSString+URLEncode.h */ = {isa = PBXFileReference; fileEncoding = 4; lastKnownFileType = sourcecode.c.h; path = "NSString+URLEncode.h"; sourceTree = "<group>"; };
		2C2285791E8F2F676A37D07A /* NSString+URLEncode.m */ = {isa = PBXFileReference; fileEncoding = 4; lastKnownFileType = sourcecode.c.objc; path = "NSString+URLEncode.m"; sourceTree = "<group>"; };
		2C2286206E38C446FB4D8616 /* FPFilterPage1Controller.m */ = {isa = PBXFileReference; fileEncoding = 4; lastKnownFileType = sourcecode.c.objc; path = FPFilterPage1Controller.m; sourceTree = "<group>"; };
		2C228656FEC7B891AA9F5958 /* BaseFilterController.m */ = {isa = PBXFileReference; fileEncoding = 4; lastKnownFileType = sourcecode.c.objc; path = BaseFilterController.m; sourceTree = "<group>"; };
		2C228A0C90CD294CC571D71F /* FPFilterPage1Controller.h */ = {isa = PBXFileReference; fileEncoding = 4; lastKnownFileType = sourcecode.c.h; path = FPFilterPage1Controller.h; sourceTree = "<group>"; };
		2C228C7BC13AB0C741A57890 /* BaseFilterController.h */ = {isa = PBXFileReference; fileEncoding = 4; lastKnownFileType = sourcecode.c.h; path = BaseFilterController.h; sourceTree = "<group>"; };
		F69CF7D5174506F9005AC999 /* FPDataProvider.h */ = {isa = PBXFileReference; fileEncoding = 4; lastKnownFileType = sourcecode.c.h; path = FPDataProvider.h; sourceTree = "<group>"; };
		F69CF7D6174506F9005AC999 /* FPDataProvider.m */ = {isa = PBXFileReference; fileEncoding = 4; lastKnownFileType = sourcecode.c.objc; path = FPDataProvider.m; sourceTree = "<group>"; };
		F69CF7D917450925005AC999 /* FPPlayer.h */ = {isa = PBXFileReference; fileEncoding = 4; lastKnownFileType = sourcecode.c.h; path = FPPlayer.h; sourceTree = "<group>"; };
		F69CF7DA17450925005AC999 /* FPPlayer.m */ = {isa = PBXFileReference; fileEncoding = 4; lastKnownFileType = sourcecode.c.objc; path = FPPlayer.m; sourceTree = "<group>"; };
		F69CF7E017453E33005AC999 /* FPPlayerBase.h */ = {isa = PBXFileReference; fileEncoding = 4; lastKnownFileType = sourcecode.c.h; path = FPPlayerBase.h; sourceTree = "<group>"; };
		F69CF7E117453E33005AC999 /* FPPlayerBase.m */ = {isa = PBXFileReference; fileEncoding = 4; lastKnownFileType = sourcecode.c.objc; path = FPPlayerBase.m; sourceTree = "<group>"; };
		F69CF7E5174645BD005AC999 /* AFHTTPClient.h */ = {isa = PBXFileReference; fileEncoding = 4; lastKnownFileType = sourcecode.c.h; path = AFHTTPClient.h; sourceTree = "<group>"; };
		F69CF7E6174645BD005AC999 /* AFHTTPClient.m */ = {isa = PBXFileReference; fileEncoding = 4; lastKnownFileType = sourcecode.c.objc; path = AFHTTPClient.m; sourceTree = "<group>"; };
		F69CF7E7174645BD005AC999 /* AFHTTPRequestOperation.h */ = {isa = PBXFileReference; fileEncoding = 4; lastKnownFileType = sourcecode.c.h; path = AFHTTPRequestOperation.h; sourceTree = "<group>"; };
		F69CF7E8174645BD005AC999 /* AFHTTPRequestOperation.m */ = {isa = PBXFileReference; fileEncoding = 4; lastKnownFileType = sourcecode.c.objc; path = AFHTTPRequestOperation.m; sourceTree = "<group>"; };
		F69CF7E9174645BD005AC999 /* AFImageRequestOperation.h */ = {isa = PBXFileReference; fileEncoding = 4; lastKnownFileType = sourcecode.c.h; path = AFImageRequestOperation.h; sourceTree = "<group>"; };
		F69CF7EA174645BD005AC999 /* AFImageRequestOperation.m */ = {isa = PBXFileReference; fileEncoding = 4; lastKnownFileType = sourcecode.c.objc; path = AFImageRequestOperation.m; sourceTree = "<group>"; };
		F69CF7EB174645BD005AC999 /* AFJSONRequestOperation.h */ = {isa = PBXFileReference; fileEncoding = 4; lastKnownFileType = sourcecode.c.h; path = AFJSONRequestOperation.h; sourceTree = "<group>"; };
		F69CF7EC174645BD005AC999 /* AFJSONRequestOperation.m */ = {isa = PBXFileReference; fileEncoding = 4; lastKnownFileType = sourcecode.c.objc; path = AFJSONRequestOperation.m; sourceTree = "<group>"; };
		F69CF7ED174645BD005AC999 /* AFNetworkActivityIndicatorManager.h */ = {isa = PBXFileReference; fileEncoding = 4; lastKnownFileType = sourcecode.c.h; path = AFNetworkActivityIndicatorManager.h; sourceTree = "<group>"; };
		F69CF7EE174645BD005AC999 /* AFNetworkActivityIndicatorManager.m */ = {isa = PBXFileReference; fileEncoding = 4; lastKnownFileType = sourcecode.c.objc; path = AFNetworkActivityIndicatorManager.m; sourceTree = "<group>"; };
		F69CF7EF174645BD005AC999 /* AFNetworking.h */ = {isa = PBXFileReference; fileEncoding = 4; lastKnownFileType = sourcecode.c.h; path = AFNetworking.h; sourceTree = "<group>"; };
		F69CF7F0174645BD005AC999 /* AFPropertyListRequestOperation.h */ = {isa = PBXFileReference; fileEncoding = 4; lastKnownFileType = sourcecode.c.h; path = AFPropertyListRequestOperation.h; sourceTree = "<group>"; };
		F69CF7F1174645BD005AC999 /* AFPropertyListRequestOperation.m */ = {isa = PBXFileReference; fileEncoding = 4; lastKnownFileType = sourcecode.c.objc; path = AFPropertyListRequestOperation.m; sourceTree = "<group>"; };
		F69CF7F2174645BD005AC999 /* AFURLConnectionOperation.h */ = {isa = PBXFileReference; fileEncoding = 4; lastKnownFileType = sourcecode.c.h; path = AFURLConnectionOperation.h; sourceTree = "<group>"; };
		F69CF7F3174645BD005AC999 /* AFURLConnectionOperation.m */ = {isa = PBXFileReference; fileEncoding = 4; lastKnownFileType = sourcecode.c.objc; path = AFURLConnectionOperation.m; sourceTree = "<group>"; };
		F69CF7F4174645BD005AC999 /* AFXMLRequestOperation.h */ = {isa = PBXFileReference; fileEncoding = 4; lastKnownFileType = sourcecode.c.h; path = AFXMLRequestOperation.h; sourceTree = "<group>"; };
		F69CF7F5174645BD005AC999 /* AFXMLRequestOperation.m */ = {isa = PBXFileReference; fileEncoding = 4; lastKnownFileType = sourcecode.c.objc; path = AFXMLRequestOperation.m; sourceTree = "<group>"; };
		F69CF7F6174645BD005AC999 /* UIImageView+AFNetworking.h */ = {isa = PBXFileReference; fileEncoding = 4; lastKnownFileType = sourcecode.c.h; path = "UIImageView+AFNetworking.h"; sourceTree = "<group>"; };
		F69CF7F7174645BD005AC999 /* UIImageView+AFNetworking.m */ = {isa = PBXFileReference; fileEncoding = 4; lastKnownFileType = sourcecode.c.objc; path = "UIImageView+AFNetworking.m"; sourceTree = "<group>"; };
		F6B7DC65173D82EA00BF5C65 /* FifaPlayers.app */ = {isa = PBXFileReference; explicitFileType = wrapper.application; includeInIndex = 0; path = FifaPlayers.app; sourceTree = BUILT_PRODUCTS_DIR; };
		F6B7DC69173D82EA00BF5C65 /* UIKit.framework */ = {isa = PBXFileReference; lastKnownFileType = wrapper.framework; name = UIKit.framework; path = System/Library/Frameworks/UIKit.framework; sourceTree = SDKROOT; };
		F6B7DC6B173D82EA00BF5C65 /* Foundation.framework */ = {isa = PBXFileReference; lastKnownFileType = wrapper.framework; name = Foundation.framework; path = System/Library/Frameworks/Foundation.framework; sourceTree = SDKROOT; };
		F6B7DC6D173D82EA00BF5C65 /* CoreGraphics.framework */ = {isa = PBXFileReference; lastKnownFileType = wrapper.framework; name = CoreGraphics.framework; path = System/Library/Frameworks/CoreGraphics.framework; sourceTree = SDKROOT; };
		F6B7DC71173D82EA00BF5C65 /* FifaPlayers-Info.plist */ = {isa = PBXFileReference; lastKnownFileType = text.plist.xml; path = "FifaPlayers-Info.plist"; sourceTree = "<group>"; };
		F6B7DC73173D82EA00BF5C65 /* en */ = {isa = PBXFileReference; lastKnownFileType = text.plist.strings; name = en; path = en.lproj/InfoPlist.strings; sourceTree = "<group>"; };
		F6B7DC75173D82EA00BF5C65 /* main.m */ = {isa = PBXFileReference; lastKnownFileType = sourcecode.c.objc; path = main.m; sourceTree = "<group>"; };
		F6B7DC77173D82EB00BF5C65 /* FifaPlayers-Prefix.pch */ = {isa = PBXFileReference; lastKnownFileType = sourcecode.c.h; path = "FifaPlayers-Prefix.pch"; sourceTree = "<group>"; };
		F6B7DC78173D82EB00BF5C65 /* FPAppDelegate.h */ = {isa = PBXFileReference; lastKnownFileType = sourcecode.c.h; path = FPAppDelegate.h; sourceTree = "<group>"; };
		F6B7DC79173D82EB00BF5C65 /* FPAppDelegate.m */ = {isa = PBXFileReference; lastKnownFileType = sourcecode.c.objc; path = FPAppDelegate.m; sourceTree = "<group>"; };
		F6B7DC7B173D82EB00BF5C65 /* Default.png */ = {isa = PBXFileReference; lastKnownFileType = image.png; path = Default.png; sourceTree = "<group>"; };
		F6B7DC7D173D82EB00BF5C65 /* Default@2x.png */ = {isa = PBXFileReference; lastKnownFileType = image.png; path = "Default@2x.png"; sourceTree = "<group>"; };
		F6B7DC7F173D82EB00BF5C65 /* Default-568h@2x.png */ = {isa = PBXFileReference; lastKnownFileType = image.png; path = "Default-568h@2x.png"; sourceTree = "<group>"; };
		F6B7DC82173D82EB00BF5C65 /* en */ = {isa = PBXFileReference; lastKnownFileType = file.storyboard; name = en; path = en.lproj/MainStoryboard_iPhone.storyboard; sourceTree = "<group>"; };
		F6B7DC85173D82EB00BF5C65 /* en */ = {isa = PBXFileReference; lastKnownFileType = file.storyboard; name = en; path = en.lproj/MainStoryboard_iPad.storyboard; sourceTree = "<group>"; };
		F6B7DC87173D82EB00BF5C65 /* FPSearchViewController.h */ = {isa = PBXFileReference; lastKnownFileType = sourcecode.c.h; path = FPSearchViewController.h; sourceTree = "<group>"; };
		F6B7DC88173D82EB00BF5C65 /* FPSearchViewController.m */ = {isa = PBXFileReference; lastKnownFileType = sourcecode.c.objc; path = FPSearchViewController.m; sourceTree = "<group>"; };
		F6B7DC8E173D82EB00BF5C65 /* FPFilterViewController.h */ = {isa = PBXFileReference; lastKnownFileType = sourcecode.c.h; path = FPFilterViewController.h; sourceTree = "<group>"; };
		F6B7DC8F173D82EB00BF5C65 /* FPFilterViewController.m */ = {isa = PBXFileReference; lastKnownFileType = sourcecode.c.objc; path = FPFilterViewController.m; sourceTree = "<group>"; };
		F6B7DC9A173D8B7D00BF5C65 /* FPFavoritesViewController.h */ = {isa = PBXFileReference; fileEncoding = 4; lastKnownFileType = sourcecode.c.h; path = FPFavoritesViewController.h; sourceTree = "<group>"; };
		F6B7DC9B173D8B7D00BF5C65 /* FPFavoritesViewController.m */ = {isa = PBXFileReference; fileEncoding = 4; lastKnownFileType = sourcecode.c.objc; path = FPFavoritesViewController.m; sourceTree = "<group>"; };
		F6B7DC9D173D8C6800BF5C65 /* FPSettingsViewController.h */ = {isa = PBXFileReference; fileEncoding = 4; lastKnownFileType = sourcecode.c.h; path = FPSettingsViewController.h; sourceTree = "<group>"; };
		F6B7DC9E173D8C6800BF5C65 /* FPSettingsViewController.m */ = {isa = PBXFileReference; fileEncoding = 4; lastKnownFileType = sourcecode.c.objc; path = FPSettingsViewController.m; sourceTree = "<group>"; };
		F6B7DCA0173D91FD00BF5C65 /* Search.png */ = {isa = PBXFileReference; lastKnownFileType = image.png; path = Search.png; sourceTree = "<group>"; };
		F6B7DCA1173D91FD00BF5C65 /* Search@2x.png */ = {isa = PBXFileReference; lastKnownFileType = image.png; path = "Search@2x.png"; sourceTree = "<group>"; };
		F6B7DCA4173D94A600BF5C65 /* Filter.png */ = {isa = PBXFileReference; lastKnownFileType = image.png; path = Filter.png; sourceTree = "<group>"; };
		F6B7DCA5173D94A600BF5C65 /* Filter2x.png */ = {isa = PBXFileReference; lastKnownFileType = image.png; path = Filter2x.png; sourceTree = "<group>"; };
		F6B7DCA8173D95D200BF5C65 /* Favorite.png */ = {isa = PBXFileReference; lastKnownFileType = image.png; path = Favorite.png; sourceTree = "<group>"; };
		F6B7DCA9173D95D200BF5C65 /* Favorite2x.png */ = {isa = PBXFileReference; lastKnownFileType = image.png; path = Favorite2x.png; sourceTree = "<group>"; };
		F6B7DCAA173D95D200BF5C65 /* Settings.png */ = {isa = PBXFileReference; lastKnownFileType = image.png; path = Settings.png; sourceTree = "<group>"; };
		F6B7DCAB173D95D200BF5C65 /* Settings2x.png */ = {isa = PBXFileReference; lastKnownFileType = image.png; path = Settings2x.png; sourceTree = "<group>"; };
		F6B7DCB0173D9C2400BF5C65 /* FPPlayerViewController.h */ = {isa = PBXFileReference; fileEncoding = 4; lastKnownFileType = sourcecode.c.h; path = FPPlayerViewController.h; sourceTree = "<group>"; };
		F6B7DCB1173D9C2400BF5C65 /* FPPlayerViewController.m */ = {isa = PBXFileReference; fileEncoding = 4; lastKnownFileType = sourcecode.c.objc; path = FPPlayerViewController.m; sourceTree = "<group>"; };
/* End PBXFileReference section */

/* Begin PBXFrameworksBuildPhase section */
		F6B7DC62173D82EA00BF5C65 /* Frameworks */ = {
			isa = PBXFrameworksBuildPhase;
			buildActionMask = 2147483647;
			files = (
				F6B7DC6A173D82EA00BF5C65 /* UIKit.framework in Frameworks */,
				F6B7DC6C173D82EA00BF5C65 /* Foundation.framework in Frameworks */,
				F6B7DC6E173D82EA00BF5C65 /* CoreGraphics.framework in Frameworks */,
			);
			runOnlyForDeploymentPostprocessing = 0;
		};
/* End PBXFrameworksBuildPhase section */

/* Begin PBXGroup section */
		2C228B66A1E7A4499DC7C259 /* Categories */ = {
			isa = PBXGroup;
			children = (
				2C2285791E8F2F676A37D07A /* NSString+URLEncode.m */,
				2C2283681F64ABC53C221D71 /* NSString+URLEncode.h */,
			);
			path = Categories;
			sourceTree = "<group>";
		};
		5405262F17469C880002AEED /* FilterControllers */ = {
			isa = PBXGroup;
			children = (
				2C2286206E38C446FB4D8616 /* FPFilterPage1Controller.m */,
				2C228A0C90CD294CC571D71F /* FPFilterPage1Controller.h */,
				2C228656FEC7B891AA9F5958 /* BaseFilterController.m */,
				2C228C7BC13AB0C741A57890 /* BaseFilterController.h */,
			);
			name = FilterControllers;
			sourceTree = "<group>";
		};
		F69CF7D317450689005AC999 /* Dataaccess */ = {
			isa = PBXGroup;
			children = (
				F69CF7D5174506F9005AC999 /* FPDataProvider.h */,
				F69CF7D6174506F9005AC999 /* FPDataProvider.m */,
			);
			name = Dataaccess;
			sourceTree = "<group>";
		};
		F69CF7D417450697005AC999 /* ViewControllers */ = {
			isa = PBXGroup;
			children = (
				5405262F17469C880002AEED /* FilterControllers */,
				F6B7DC87173D82EB00BF5C65 /* FPSearchViewController.h */,
				F6B7DC88173D82EB00BF5C65 /* FPSearchViewController.m */,
				F6B7DC87173D82EB00BF5C65 /* FPSearchViewController.h */,
				F6B7DCA0173D91FD00BF5C65 /* Search.png */,
				F6B7DCA1173D91FD00BF5C65 /* Search@2x.png */,
				F6B7DC8E173D82EB00BF5C65 /* FPFilterViewController.h */,
				F6B7DC8F173D82EB00BF5C65 /* FPFilterViewController.m */,
				F6B7DCA4173D94A600BF5C65 /* Filter.png */,
				F6B7DCA5173D94A600BF5C65 /* Filter2x.png */,
				F6B7DC9A173D8B7D00BF5C65 /* FPFavoritesViewController.h */,
				F6B7DC9B173D8B7D00BF5C65 /* FPFavoritesViewController.m */,
				F6B7DCA8173D95D200BF5C65 /* Favorite.png */,
				F6B7DCA9173D95D200BF5C65 /* Favorite2x.png */,
				F6B7DC9D173D8C6800BF5C65 /* FPSettingsViewController.h */,
				F6B7DC9E173D8C6800BF5C65 /* FPSettingsViewController.m */,
				F6B7DCAA173D95D200BF5C65 /* Settings.png */,
				F6B7DCAB173D95D200BF5C65 /* Settings2x.png */,
				F6B7DCB0173D9C2400BF5C65 /* FPPlayerViewController.h */,
				F6B7DCB1173D9C2400BF5C65 /* FPPlayerViewController.m */,
			);
			name = ViewControllers;
			sourceTree = "<group>";
		};
		F69CF7D8174508DF005AC999 /* Library */ = {
			isa = PBXGroup;
			children = (
				F69CF7D917450925005AC999 /* FPPlayer.h */,
				F69CF7DA17450925005AC999 /* FPPlayer.m */,
				F69CF7E017453E33005AC999 /* FPPlayerBase.h */,
				F69CF7E117453E33005AC999 /* FPPlayerBase.m */,
			);
			name = Library;
			sourceTree = "<group>";
		};
		F69CF7E4174645BD005AC999 /* AFNetworking */ = {
			isa = PBXGroup;
			children = (
				F69CF7E5174645BD005AC999 /* AFHTTPClient.h */,
				F69CF7E6174645BD005AC999 /* AFHTTPClient.m */,
				F69CF7E7174645BD005AC999 /* AFHTTPRequestOperation.h */,
				F69CF7E8174645BD005AC999 /* AFHTTPRequestOperation.m */,
				F69CF7E9174645BD005AC999 /* AFImageRequestOperation.h */,
				F69CF7EA174645BD005AC999 /* AFImageRequestOperation.m */,
				F69CF7EB174645BD005AC999 /* AFJSONRequestOperation.h */,
				F69CF7EC174645BD005AC999 /* AFJSONRequestOperation.m */,
				F69CF7ED174645BD005AC999 /* AFNetworkActivityIndicatorManager.h */,
				F69CF7EE174645BD005AC999 /* AFNetworkActivityIndicatorManager.m */,
				F69CF7EF174645BD005AC999 /* AFNetworking.h */,
				F69CF7F0174645BD005AC999 /* AFPropertyListRequestOperation.h */,
				F69CF7F1174645BD005AC999 /* AFPropertyListRequestOperation.m */,
				F69CF7F2174645BD005AC999 /* AFURLConnectionOperation.h */,
				F69CF7F3174645BD005AC999 /* AFURLConnectionOperation.m */,
				F69CF7F4174645BD005AC999 /* AFXMLRequestOperation.h */,
				F69CF7F5174645BD005AC999 /* AFXMLRequestOperation.m */,
				F69CF7F6174645BD005AC999 /* UIImageView+AFNetworking.h */,
				F69CF7F7174645BD005AC999 /* UIImageView+AFNetworking.m */,
			);
			path = AFNetworking;
			sourceTree = "<group>";
		};
		F69CF801174645F1005AC999 /* Libs */ = {
			isa = PBXGroup;
			children = (
				F69CF7E4174645BD005AC999 /* AFNetworking */,
			);
			name = Libs;
			sourceTree = "<group>";
		};
		F6B7DC5A173D82EA00BF5C65 = {
			isa = PBXGroup;
			children = (
				F6B7DC6F173D82EA00BF5C65 /* FifaPlayers */,
				F6B7DC68173D82EA00BF5C65 /* Frameworks */,
				F6B7DC66173D82EA00BF5C65 /* Products */,
			);
			sourceTree = "<group>";
		};
		F6B7DC66173D82EA00BF5C65 /* Products */ = {
			isa = PBXGroup;
			children = (
				F6B7DC65173D82EA00BF5C65 /* FifaPlayers.app */,
			);
			name = Products;
			sourceTree = "<group>";
		};
		F6B7DC68173D82EA00BF5C65 /* Frameworks */ = {
			isa = PBXGroup;
			children = (
				F6B7DC69173D82EA00BF5C65 /* UIKit.framework */,
				F6B7DC6B173D82EA00BF5C65 /* Foundation.framework */,
				F6B7DC6D173D82EA00BF5C65 /* CoreGraphics.framework */,
			);
			name = Frameworks;
			sourceTree = "<group>";
		};
		F6B7DC6F173D82EA00BF5C65 /* FifaPlayers */ = {
			isa = PBXGroup;
			children = (
				F69CF7D417450697005AC999 /* ViewControllers */,
				F69CF7D317450689005AC999 /* Dataaccess */,
				F69CF7D8174508DF005AC999 /* Library */,
				F69CF801174645F1005AC999 /* Libs */,
				F6B7DC78173D82EB00BF5C65 /* FPAppDelegate.h */,
				F6B7DC79173D82EB00BF5C65 /* FPAppDelegate.m */,
				F6B7DC81173D82EB00BF5C65 /* MainStoryboard_iPhone.storyboard */,
				F6B7DC84173D82EB00BF5C65 /* MainStoryboard_iPad.storyboard */,
				F6B7DC70173D82EA00BF5C65 /* Supporting Files */,
				2C228B66A1E7A4499DC7C259 /* Categories */,
			);
			path = FifaPlayers;
			sourceTree = "<group>";
		};
		F6B7DC70173D82EA00BF5C65 /* Supporting Files */ = {
			isa = PBXGroup;
			children = (
				F6B7DC71173D82EA00BF5C65 /* FifaPlayers-Info.plist */,
				F6B7DC72173D82EA00BF5C65 /* InfoPlist.strings */,
				F6B7DC75173D82EA00BF5C65 /* main.m */,
				F6B7DC77173D82EB00BF5C65 /* FifaPlayers-Prefix.pch */,
				F6B7DC7B173D82EB00BF5C65 /* Default.png */,
				F6B7DC7D173D82EB00BF5C65 /* Default@2x.png */,
				F6B7DC7F173D82EB00BF5C65 /* Default-568h@2x.png */,
			);
			name = "Supporting Files";
			sourceTree = "<group>";
		};
/* End PBXGroup section */

/* Begin PBXNativeTarget section */
		F6B7DC64173D82EA00BF5C65 /* FifaPlayers */ = {
			isa = PBXNativeTarget;
			buildConfigurationList = F6B7DC97173D82EB00BF5C65 /* Build configuration list for PBXNativeTarget "FifaPlayers" */;
			buildPhases = (
				F6B7DC61173D82EA00BF5C65 /* Sources */,
				F6B7DC62173D82EA00BF5C65 /* Frameworks */,
				F6B7DC63173D82EA00BF5C65 /* Resources */,
			);
			buildRules = (
			);
			dependencies = (
			);
			name = FifaPlayers;
			productName = FifaPlayers;
			productReference = F6B7DC65173D82EA00BF5C65 /* FifaPlayers.app */;
			productType = "com.apple.product-type.application";
		};
/* End PBXNativeTarget section */

/* Begin PBXProject section */
		F6B7DC5C173D82EA00BF5C65 /* Project object */ = {
			isa = PBXProject;
			attributes = {
				CLASSPREFIX = FP;
				LastUpgradeCheck = 0450;
				ORGANIZATIONNAME = ch.hslu.pakadazi;
			};
			buildConfigurationList = F6B7DC5F173D82EA00BF5C65 /* Build configuration list for PBXProject "FifaPlayers" */;
			compatibilityVersion = "Xcode 3.2";
			developmentRegion = English;
			hasScannedForEncodings = 0;
			knownRegions = (
				en,
			);
			mainGroup = F6B7DC5A173D82EA00BF5C65;
			productRefGroup = F6B7DC66173D82EA00BF5C65 /* Products */;
			projectDirPath = "";
			projectRoot = "";
			targets = (
				F6B7DC64173D82EA00BF5C65 /* FifaPlayers */,
			);
		};
/* End PBXProject section */

/* Begin PBXResourcesBuildPhase section */
		F6B7DC63173D82EA00BF5C65 /* Resources */ = {
			isa = PBXResourcesBuildPhase;
			buildActionMask = 2147483647;
			files = (
				F6B7DC74173D82EA00BF5C65 /* InfoPlist.strings in Resources */,
				F6B7DC7C173D82EB00BF5C65 /* Default.png in Resources */,
				F6B7DC7E173D82EB00BF5C65 /* Default@2x.png in Resources */,
				F6B7DC80173D82EB00BF5C65 /* Default-568h@2x.png in Resources */,
				F6B7DC83173D82EB00BF5C65 /* MainStoryboard_iPhone.storyboard in Resources */,
				F6B7DC86173D82EB00BF5C65 /* MainStoryboard_iPad.storyboard in Resources */,
				F6B7DCA2173D91FE00BF5C65 /* Search.png in Resources */,
				F6B7DCA3173D91FE00BF5C65 /* Search@2x.png in Resources */,
				F6B7DCA6173D94A700BF5C65 /* Filter.png in Resources */,
				F6B7DCA7173D94A700BF5C65 /* Filter2x.png in Resources */,
				F6B7DCAC173D95D300BF5C65 /* Favorite.png in Resources */,
				F6B7DCAD173D95D300BF5C65 /* Favorite2x.png in Resources */,
				F6B7DCAE173D95D300BF5C65 /* Settings.png in Resources */,
				F6B7DCAF173D95D300BF5C65 /* Settings2x.png in Resources */,
			);
			runOnlyForDeploymentPostprocessing = 0;
		};
/* End PBXResourcesBuildPhase section */

/* Begin PBXSourcesBuildPhase section */
		F6B7DC61173D82EA00BF5C65 /* Sources */ = {
			isa = PBXSourcesBuildPhase;
			buildActionMask = 2147483647;
			files = (
				F6B7DC76173D82EB00BF5C65 /* main.m in Sources */,
				F6B7DC7A173D82EB00BF5C65 /* FPAppDelegate.m in Sources */,
				F6B7DC89173D82EB00BF5C65 /* FPSearchViewController.m in Sources */,
				F6B7DC90173D82EB00BF5C65 /* FPFilterViewController.m in Sources */,
				F6B7DC9C173D8B7D00BF5C65 /* FPFavoritesViewController.m in Sources */,
				F6B7DC9F173D8C6800BF5C65 /* FPSettingsViewController.m in Sources */,
				F6B7DCB2173D9C2500BF5C65 /* FPPlayerViewController.m in Sources */,
				F69CF7D7174506F9005AC999 /* FPDataProvider.m in Sources */,
				F69CF7DB17450925005AC999 /* FPPlayer.m in Sources */,
				F69CF7E217453E33005AC999 /* FPPlayerBase.m in Sources */,
				F69CF7F8174645BD005AC999 /* AFHTTPClient.m in Sources */,
				F69CF7F9174645BD005AC999 /* AFHTTPRequestOperation.m in Sources */,
				F69CF7FA174645BD005AC999 /* AFImageRequestOperation.m in Sources */,
				F69CF7FB174645BD005AC999 /* AFJSONRequestOperation.m in Sources */,
				F69CF7FC174645BD005AC999 /* AFNetworkActivityIndicatorManager.m in Sources */,
				F69CF7FD174645BD005AC999 /* AFPropertyListRequestOperation.m in Sources */,
				F69CF7FE174645BD005AC999 /* AFURLConnectionOperation.m in Sources */,
				F69CF7FF174645BD005AC999 /* AFXMLRequestOperation.m in Sources */,
				F69CF800174645BD005AC999 /* UIImageView+AFNetworking.m in Sources */,
				2C228C471F4D317CECB63205 /* FPFilterPage1Controller.m in Sources */,
				2C228FC6F396E5C192FA3FA5 /* BaseFilterController.m in Sources */,
				2C2281815EE9FD61883C3E22 /* NSString+URLEncode.m in Sources */,
			);
			runOnlyForDeploymentPostprocessing = 0;
		};
/* End PBXSourcesBuildPhase section */

/* Begin PBXVariantGroup section */
		F6B7DC72173D82EA00BF5C65 /* InfoPlist.strings */ = {
			isa = PBXVariantGroup;
			children = (
				F6B7DC73173D82EA00BF5C65 /* en */,
			);
			name = InfoPlist.strings;
			sourceTree = "<group>";
		};
		F6B7DC81173D82EB00BF5C65 /* MainStoryboard_iPhone.storyboard */ = {
			isa = PBXVariantGroup;
			children = (
				F6B7DC82173D82EB00BF5C65 /* en */,
			);
			name = MainStoryboard_iPhone.storyboard;
			sourceTree = "<group>";
		};
		F6B7DC84173D82EB00BF5C65 /* MainStoryboard_iPad.storyboard */ = {
			isa = PBXVariantGroup;
			children = (
				F6B7DC85173D82EB00BF5C65 /* en */,
			);
			name = MainStoryboard_iPad.storyboard;
			sourceTree = "<group>";
		};
/* End PBXVariantGroup section */

/* Begin XCBuildConfiguration section */
		F6B7DC95173D82EB00BF5C65 /* Debug */ = {
			isa = XCBuildConfiguration;
			buildSettings = {
				ALWAYS_SEARCH_USER_PATHS = NO;
				CLANG_CXX_LANGUAGE_STANDARD = "gnu++0x";
				CLANG_CXX_LIBRARY = "libc++";
				CLANG_ENABLE_OBJC_ARC = YES;
				CLANG_WARN_EMPTY_BODY = YES;
				CLANG_WARN__DUPLICATE_METHOD_MATCH = YES;
				"CODE_SIGN_IDENTITY[sdk=iphoneos*]" = "iPhone Developer";
				COPY_PHASE_STRIP = NO;
				GCC_C_LANGUAGE_STANDARD = gnu99;
				GCC_DYNAMIC_NO_PIC = NO;
				GCC_OPTIMIZATION_LEVEL = 0;
				GCC_PREPROCESSOR_DEFINITIONS = (
					"DEBUG=1",
					"$(inherited)",
				);
				GCC_SYMBOLS_PRIVATE_EXTERN = NO;
				GCC_WARN_ABOUT_RETURN_TYPE = YES;
				GCC_WARN_UNINITIALIZED_AUTOS = YES;
				GCC_WARN_UNUSED_VARIABLE = YES;
				IPHONEOS_DEPLOYMENT_TARGET = 6.0;
				ONLY_ACTIVE_ARCH = YES;
				SDKROOT = iphoneos;
				TARGETED_DEVICE_FAMILY = "1,2";
			};
			name = Debug;
		};
		F6B7DC96173D82EB00BF5C65 /* Release */ = {
			isa = XCBuildConfiguration;
			buildSettings = {
				ALWAYS_SEARCH_USER_PATHS = NO;
				CLANG_CXX_LANGUAGE_STANDARD = "gnu++0x";
				CLANG_CXX_LIBRARY = "libc++";
				CLANG_ENABLE_OBJC_ARC = YES;
				CLANG_WARN_EMPTY_BODY = YES;
				CLANG_WARN__DUPLICATE_METHOD_MATCH = YES;
				"CODE_SIGN_IDENTITY[sdk=iphoneos*]" = "iPhone Developer";
				COPY_PHASE_STRIP = YES;
				GCC_C_LANGUAGE_STANDARD = gnu99;
				GCC_WARN_ABOUT_RETURN_TYPE = YES;
				GCC_WARN_UNINITIALIZED_AUTOS = YES;
				GCC_WARN_UNUSED_VARIABLE = YES;
				IPHONEOS_DEPLOYMENT_TARGET = 6.0;
				OTHER_CFLAGS = "-DNS_BLOCK_ASSERTIONS=1";
				SDKROOT = iphoneos;
				TARGETED_DEVICE_FAMILY = "1,2";
				VALIDATE_PRODUCT = YES;
			};
			name = Release;
		};
		F6B7DC98173D82EB00BF5C65 /* Debug */ = {
			isa = XCBuildConfiguration;
			buildSettings = {
				GCC_PRECOMPILE_PREFIX_HEADER = YES;
				GCC_PREFIX_HEADER = "FifaPlayers/FifaPlayers-Prefix.pch";
				INFOPLIST_FILE = "FifaPlayers/FifaPlayers-Info.plist";
				PRODUCT_NAME = "$(TARGET_NAME)";
				WRAPPER_EXTENSION = app;
			};
			name = Debug;
		};
		F6B7DC99173D82EB00BF5C65 /* Release */ = {
			isa = XCBuildConfiguration;
			buildSettings = {
				GCC_PRECOMPILE_PREFIX_HEADER = YES;
				GCC_PREFIX_HEADER = "FifaPlayers/FifaPlayers-Prefix.pch";
				INFOPLIST_FILE = "FifaPlayers/FifaPlayers-Info.plist";
				PRODUCT_NAME = "$(TARGET_NAME)";
				WRAPPER_EXTENSION = app;
			};
			name = Release;
		};
/* End XCBuildConfiguration section */

/* Begin XCConfigurationList section */
		F6B7DC5F173D82EA00BF5C65 /* Build configuration list for PBXProject "FifaPlayers" */ = {
			isa = XCConfigurationList;
			buildConfigurations = (
				F6B7DC95173D82EB00BF5C65 /* Debug */,
				F6B7DC96173D82EB00BF5C65 /* Release */,
			);
			defaultConfigurationIsVisible = 0;
			defaultConfigurationName = Release;
		};
		F6B7DC97173D82EB00BF5C65 /* Build configuration list for PBXNativeTarget "FifaPlayers" */ = {
			isa = XCConfigurationList;
			buildConfigurations = (
				F6B7DC98173D82EB00BF5C65 /* Debug */,
				F6B7DC99173D82EB00BF5C65 /* Release */,
			);
			defaultConfigurationIsVisible = 0;
			defaultConfigurationName = Release;
		};
/* End XCConfigurationList section */
	};
	rootObject = F6B7DC5C173D82EA00BF5C65 /* Project object */;
}
